
Microsoft Visual Studio Solution File, Format Version 12.00
# Visual Studio Version 16
VisualStudioVersion = 16.0.29911.84
MinimumVisualStudioVersion = 10.0.40219.1
Project("{FAE04EC0-301F-11D3-BF4B-00C04F79EFBC}") = "WindowsFormsApp4_Nikita", "WindowsFormsApp4_Nikita\WindowsFormsApp4_Nikita.csproj", "{4ECECA17-257B-4C0F-8ED1-EBAE9A11EC67}"
EndProject
Global
	GlobalSection(SolutionConfigurationPlatforms) = preSolution
		Debug|Any CPU = Debug|Any CPU
		Release|Any CPU = Release|Any CPU
	EndGlobalSection
	GlobalSection(ProjectConfigurationPlatforms) = postSolution
		{4ECECA17-257B-4C0F-8ED1-EBAE9A11EC67}.Debug|Any CPU.ActiveCfg = Debug|Any CPU
		{4ECECA17-257B-4C0F-8ED1-EBAE9A11EC67}.Debug|Any CPU.Build.0 = Debug|Any CPU
		{4ECECA17-257B-4C0F-8ED1-EBAE9A11EC67}.Release|Any CPU.ActiveCfg = Release|Any CPU
		{4ECECA17-257B-4C0F-8ED1-EBAE9A11EC67}.Release|Any CPU.Build.0 = Release|Any CPU
	EndGlobalSection
	GlobalSection(SolutionProperties) = preSolution
		HideSolutionNode = FALSE
	EndGlobalSection
	GlobalSection(ExtensibilityGlobals) = postSolution
		SolutionGuid = {21F76A07-EF0F-4A92-9B7B-DC467AB30B5A}
	EndGlobalSection
EndGlobal
